// !$*UTF8*$!
{
	archiveVersion = 1;
	classes = {
	};
	objectVersion = 54;
	objects = {

/* Begin PBXBuildFile section */
		00E356F31AD99517003FC87E /* radiozeroTests.m in Sources */ = {isa = PBXBuildFile; fileRef = 00E356F21AD99517003FC87E /* radiozeroTests.m */; };
		0DB1D9D2D5074D8FBB875F54 /* caratula.jpeg in Resources */ = {isa = PBXBuildFile; fileRef = 4125F3582B354E6DBF389EA4 /* caratula.jpeg */; };
		13B07FBC1A68108700A75B9A /* AppDelegate.m in Sources */ = {isa = PBXBuildFile; fileRef = 13B07FB01A68108700A75B9A /* AppDelegate.m */; };
		13B07FBF1A68108700A75B9A /* Images.xcassets in Resources */ = {isa = PBXBuildFile; fileRef = 13B07FB51A68108700A75B9A /* Images.xcassets */; };
		13B07FC11A68108700A75B9A /* main.m in Sources */ = {isa = PBXBuildFile; fileRef = 13B07FB71A68108700A75B9A /* main.m */; };
		15C9EF270277D8AAE23D33EF /* libPods-radiozero-radiozeroTests.a in Frameworks */ = {isa = PBXBuildFile; fileRef = BC4082328D285C6B33E15475 /* libPods-radiozero-radiozeroTests.a */; };
		18C5584C5BF249A2A8724E0E /* radio2.png in Resources */ = {isa = PBXBuildFile; fileRef = EB7629DBD4734386A34C4DB8 /* radio2.png */; };
		2147C24F4D764B7CA1A1EEA9 /* pantalla.png in Resources */ = {isa = PBXBuildFile; fileRef = 5BFB17CC19C7411489D70EFE /* pantalla.png */; };
		2340A3B8C7504C38A8202075 /* pause.png in Resources */ = {isa = PBXBuildFile; fileRef = 210C79707F9E4A788BC24491 /* pause.png */; };
		292E19094D354114842D2A46 /* releases.png in Resources */ = {isa = PBXBuildFile; fileRef = 6EDD72B18D55407DAB0851B8 /* releases.png */; };
		3165707BDA72DAB36DA12338 /* libPods-radiozero.a in Frameworks */ = {isa = PBXBuildFile; fileRef = 67B748931FDE6A577C908194 /* libPods-radiozero.a */; };
		359A735783C04527AF011478 /* contact.png in Resources */ = {isa = PBXBuildFile; fileRef = 648AC7B37A1E4327BB7B9A9B /* contact.png */; };
		367B14845E9C47C1B6256789 /* blog.png in Resources */ = {isa = PBXBuildFile; fileRef = 6B1729CEEA4643DBAB52F682 /* blog.png */; };
		407136C5C3C94EF6BAC380BB /* HelveticaNeue.ttf in Resources */ = {isa = PBXBuildFile; fileRef = 07D0C50797F34000B8367AD9 /* HelveticaNeue.ttf */; };
		52D6C85A3B15477EA46C692C /* radio.png in Resources */ = {isa = PBXBuildFile; fileRef = EE80D7BA00674DD8992B3DEC /* radio.png */; };
		5485F26A3D3A4D1CB21E9E8F /* twitt.png in Resources */ = {isa = PBXBuildFile; fileRef = CF4C310C9868495996BEB6EE /* twitt.png */; };
		5C55E74026629F23009042F0 /* logo_splash.png in Resources */ = {isa = PBXBuildFile; fileRef = 5C55E73F26629F23009042F0 /* logo_splash.png */; };
		5C78D93C2661CE8800C2E0D7 /* File.swift in Sources */ = {isa = PBXBuildFile; fileRef = 5C78D93B2661CE8800C2E0D7 /* File.swift */; };
		697FB76648BA44048906A146 /* events.png in Resources */ = {isa = PBXBuildFile; fileRef = D70E111FFAF8479AB41A4F6E /* events.png */; };
		81AB9BB82411601600AC10FF /* LaunchScreen.storyboard in Resources */ = {isa = PBXBuildFile; fileRef = 81AB9BB72411601600AC10FF /* LaunchScreen.storyboard */; };
		83043741693047D39757B4CD /* insta.png in Resources */ = {isa = PBXBuildFile; fileRef = F538A1B0289243F7B782164C /* insta.png */; };
		86ED1A29634E4B43930B6ADB /* logo.png in Resources */ = {isa = PBXBuildFile; fileRef = 741C662AFFC7412FA782074B /* logo.png */; };
		8ADD2EC36A724FC1AB6391F0 /* envelope.png in Resources */ = {isa = PBXBuildFile; fileRef = 29075BEF34934DE2930D5FFC /* envelope.png */; };
		8BF8CB304FE043419BA48D2E /* blog2.png in Resources */ = {isa = PBXBuildFile; fileRef = 02FBCE5D89594884AB179601 /* blog2.png */; };
		9D9E937EF83B4E1CBE0146B2 /* podcast.png in Resources */ = {isa = PBXBuildFile; fileRef = F84123E33AAE466ABF9F9DBD /* podcast.png */; };
		9F87A6DB21B14EFDAA5CDC3B /* HelveticaNeue-Bold.ttf in Resources */ = {isa = PBXBuildFile; fileRef = 7AD8C65777FB45A7926F283A /* HelveticaNeue-Bold.ttf */; };
		B2E1170FE286425797742916 /* icono_radio.png in Resources */ = {isa = PBXBuildFile; fileRef = 4FDB4F19DFC546ACB197309A /* icono_radio.png */; };
		CE2BEB8498754DC1A3A6356D /* volumen.png in Resources */ = {isa = PBXBuildFile; fileRef = FB30CE63A848422A885EE1DF /* volumen.png */; };
		D236734D7BDB4F3B8F36BB0B /* volumen-mute.png in Resources */ = {isa = PBXBuildFile; fileRef = 122C37A5DA224B13A5A6AF8B /* volumen-mute.png */; };
		D6FE9DD6969D47F490BF7593 /* face.png in Resources */ = {isa = PBXBuildFile; fileRef = DC092BDDB1924F57BD433713 /* face.png */; };
		DBC5FFD8DFDF4906BC81669A /* play.png in Resources */ = {isa = PBXBuildFile; fileRef = 7630ABA46CA24725B5F18294 /* play.png */; };
		EE6ED4DA0ED34B7EAECF0AA0 /* tv.png in Resources */ = {isa = PBXBuildFile; fileRef = CEC298537C2A4E599C545BC4 /* tv.png */; };
		F2DA6E4F702F4CD18C75D373 /* iconmenu.png in Resources */ = {isa = PBXBuildFile; fileRef = E3934F9A10F043EF86D56B65 /* iconmenu.png */; };
/* End PBXBuildFile section */

/* Begin PBXContainerItemProxy section */
		00E356F41AD99517003FC87E /* PBXContainerItemProxy */ = {
			isa = PBXContainerItemProxy;
			containerPortal = 83CBB9F71A601CBA00E9B192 /* Project object */;
			proxyType = 1;
			remoteGlobalIDString = 13B07F861A680F5B00A75B9A;
			remoteInfo = radiozero;
		};
/* End PBXContainerItemProxy section */

/* Begin PBXFileReference section */
		00E356EE1AD99517003FC87E /* radiozeroTests.xctest */ = {isa = PBXFileReference; explicitFileType = wrapper.cfbundle; includeInIndex = 0; path = radiozeroTests.xctest; sourceTree = BUILT_PRODUCTS_DIR; };
		00E356F11AD99517003FC87E /* Info.plist */ = {isa = PBXFileReference; lastKnownFileType = text.plist.xml; path = Info.plist; sourceTree = "<group>"; };
		00E356F21AD99517003FC87E /* radiozeroTests.m */ = {isa = PBXFileReference; lastKnownFileType = sourcecode.c.objc; path = radiozeroTests.m; sourceTree = "<group>"; };
		02FBCE5D89594884AB179601 /* blog2.png */ = {isa = PBXFileReference; explicitFileType = undefined; fileEncoding = 9; includeInIndex = 0; lastKnownFileType = unknown; name = blog2.png; path = ../assets/blog2.png; sourceTree = "<group>"; };
		07D0C50797F34000B8367AD9 /* HelveticaNeue.ttf */ = {isa = PBXFileReference; explicitFileType = undefined; fileEncoding = 9; includeInIndex = 0; lastKnownFileType = unknown; name = HelveticaNeue.ttf; path = ../assets/HelveticaNeue.ttf; sourceTree = "<group>"; };
		087F89EFC089436E866F7D4E /* SimpleLineIcons.ttf */ = {isa = PBXFileReference; explicitFileType = undefined; fileEncoding = 9; includeInIndex = 0; lastKnownFileType = unknown; name = SimpleLineIcons.ttf; path = "../node_modules/react-native-vector-icons/Fonts/SimpleLineIcons.ttf"; sourceTree = "<group>"; };
		0B5DD2065F754604938F1B4B /* FontAwesome5_Brands.ttf */ = {isa = PBXFileReference; explicitFileType = undefined; fileEncoding = 9; includeInIndex = 0; lastKnownFileType = unknown; name = FontAwesome5_Brands.ttf; path = "../node_modules/react-native-vector-icons/Fonts/FontAwesome5_Brands.ttf"; sourceTree = "<group>"; };
		0FDAA895B63E44F1A0652A48 /* Foundation.ttf */ = {isa = PBXFileReference; explicitFileType = undefined; fileEncoding = 9; includeInIndex = 0; lastKnownFileType = unknown; name = Foundation.ttf; path = "../node_modules/react-native-vector-icons/Fonts/Foundation.ttf"; sourceTree = "<group>"; };
		122C37A5DA224B13A5A6AF8B /* volumen-mute.png */ = {isa = PBXFileReference; explicitFileType = undefined; fileEncoding = 9; includeInIndex = 0; lastKnownFileType = unknown; name = "volumen-mute.png"; path = "../assets/volumen-mute.png"; sourceTree = "<group>"; };
		13B07F961A680F5B00A75B9A /* radiozero.app */ = {isa = PBXFileReference; explicitFileType = wrapper.application; includeInIndex = 0; path = radiozero.app; sourceTree = BUILT_PRODUCTS_DIR; };
		13B07FAF1A68108700A75B9A /* AppDelegate.h */ = {isa = PBXFileReference; fileEncoding = 4; lastKnownFileType = sourcecode.c.h; name = AppDelegate.h; path = radiozero/AppDelegate.h; sourceTree = "<group>"; };
		13B07FB01A68108700A75B9A /* AppDelegate.m */ = {isa = PBXFileReference; fileEncoding = 4; lastKnownFileType = sourcecode.c.objc; name = AppDelegate.m; path = radiozero/AppDelegate.m; sourceTree = "<group>"; };
		13B07FB51A68108700A75B9A /* Images.xcassets */ = {isa = PBXFileReference; lastKnownFileType = folder.assetcatalog; name = Images.xcassets; path = radiozero/Images.xcassets; sourceTree = "<group>"; };
		13B07FB61A68108700A75B9A /* Info.plist */ = {isa = PBXFileReference; fileEncoding = 4; lastKnownFileType = text.plist.xml; name = Info.plist; path = radiozero/Info.plist; sourceTree = "<group>"; };
		13B07FB71A68108700A75B9A /* main.m */ = {isa = PBXFileReference; fileEncoding = 4; lastKnownFileType = sourcecode.c.objc; name = main.m; path = radiozero/main.m; sourceTree = "<group>"; };
		210C79707F9E4A788BC24491 /* pause.png */ = {isa = PBXFileReference; explicitFileType = undefined; fileEncoding = 9; includeInIndex = 0; lastKnownFileType = unknown; name = pause.png; path = ../assets/pause.png; sourceTree = "<group>"; };
		29075BEF34934DE2930D5FFC /* envelope.png */ = {isa = PBXFileReference; explicitFileType = undefined; fileEncoding = 9; includeInIndex = 0; lastKnownFileType = unknown; name = envelope.png; path = ../assets/envelope.png; sourceTree = "<group>"; };
		38F15AD8E715480DA4867B9A /* MaterialIcons.ttf */ = {isa = PBXFileReference; explicitFileType = undefined; fileEncoding = 9; includeInIndex = 0; lastKnownFileType = unknown; name = MaterialIcons.ttf; path = "../node_modules/react-native-vector-icons/Fonts/MaterialIcons.ttf"; sourceTree = "<group>"; };
		3D003CACF6704E9DB96976C3 /* FontAwesome.ttf */ = {isa = PBXFileReference; explicitFileType = undefined; fileEncoding = 9; includeInIndex = 0; lastKnownFileType = unknown; name = FontAwesome.ttf; path = "../node_modules/react-native-vector-icons/Fonts/FontAwesome.ttf"; sourceTree = "<group>"; };
		4125F3582B354E6DBF389EA4 /* caratula.jpeg */ = {isa = PBXFileReference; explicitFileType = undefined; fileEncoding = 9; includeInIndex = 0; lastKnownFileType = unknown; name = caratula.jpeg; path = ../assets/caratula.jpeg; sourceTree = "<group>"; };
		4FDB4F19DFC546ACB197309A /* icono_radio.png */ = {isa = PBXFileReference; explicitFileType = undefined; fileEncoding = 9; includeInIndex = 0; lastKnownFileType = unknown; name = icono_radio.png; path = ../assets/icono_radio.png; sourceTree = "<group>"; };
		5A3BDE6E3D934FEE8118BF63 /* Feather.ttf */ = {isa = PBXFileReference; explicitFileType = undefined; fileEncoding = 9; includeInIndex = 0; lastKnownFileType = unknown; name = Feather.ttf; path = "../node_modules/react-native-vector-icons/Fonts/Feather.ttf"; sourceTree = "<group>"; };
		5BFB17CC19C7411489D70EFE /* pantalla.png */ = {isa = PBXFileReference; explicitFileType = undefined; fileEncoding = 9; includeInIndex = 0; lastKnownFileType = unknown; name = pantalla.png; path = ../assets/pantalla.png; sourceTree = "<group>"; };
		5C55E73F26629F23009042F0 /* logo_splash.png */ = {isa = PBXFileReference; lastKnownFileType = image.png; name = logo_splash.png; path = "../android/app/src/main/res/mipmap-hdpi/logo_splash.png"; sourceTree = "<group>"; };
		5C78D93A2661CE8800C2E0D7 /* radiozero-Bridging-Header.h */ = {isa = PBXFileReference; lastKnownFileType = sourcecode.c.h; path = "radiozero-Bridging-Header.h"; sourceTree = "<group>"; };
		5C78D93B2661CE8800C2E0D7 /* File.swift */ = {isa = PBXFileReference; lastKnownFileType = sourcecode.swift; path = File.swift; sourceTree = "<group>"; };
		5DF87941C8AC493DA68D5F03 /* Fontisto.ttf */ = {isa = PBXFileReference; explicitFileType = undefined; fileEncoding = 9; includeInIndex = 0; lastKnownFileType = unknown; name = Fontisto.ttf; path = "../node_modules/react-native-vector-icons/Fonts/Fontisto.ttf"; sourceTree = "<group>"; };
		60DAA0F51648B58D4952E4F2 /* Pods-radiozero.debug.xcconfig */ = {isa = PBXFileReference; includeInIndex = 1; lastKnownFileType = text.xcconfig; name = "Pods-radiozero.debug.xcconfig"; path = "Target Support Files/Pods-radiozero/Pods-radiozero.debug.xcconfig"; sourceTree = "<group>"; };
		648AC7B37A1E4327BB7B9A9B /* contact.png */ = {isa = PBXFileReference; explicitFileType = undefined; fileEncoding = 9; includeInIndex = 0; lastKnownFileType = unknown; name = contact.png; path = ../assets/contact.png; sourceTree = "<group>"; };
		667485A220F8A25D6966A26E /* Pods-radiozero.release.xcconfig */ = {isa = PBXFileReference; includeInIndex = 1; lastKnownFileType = text.xcconfig; name = "Pods-radiozero.release.xcconfig"; path = "Target Support Files/Pods-radiozero/Pods-radiozero.release.xcconfig"; sourceTree = "<group>"; };
		67B748931FDE6A577C908194 /* libPods-radiozero.a */ = {isa = PBXFileReference; explicitFileType = archive.ar; includeInIndex = 0; path = "libPods-radiozero.a"; sourceTree = BUILT_PRODUCTS_DIR; };
		6B1729CEEA4643DBAB52F682 /* blog.png */ = {isa = PBXFileReference; explicitFileType = undefined; fileEncoding = 9; includeInIndex = 0; lastKnownFileType = unknown; name = blog.png; path = ../assets/blog.png; sourceTree = "<group>"; };
		6DFAD780F18B474E99DBF63A /* FontAwesome5_Solid.ttf */ = {isa = PBXFileReference; explicitFileType = undefined; fileEncoding = 9; includeInIndex = 0; lastKnownFileType = unknown; name = FontAwesome5_Solid.ttf; path = "../node_modules/react-native-vector-icons/Fonts/FontAwesome5_Solid.ttf"; sourceTree = "<group>"; };
		6EDD72B18D55407DAB0851B8 /* releases.png */ = {isa = PBXFileReference; explicitFileType = undefined; fileEncoding = 9; includeInIndex = 0; lastKnownFileType = unknown; name = releases.png; path = ../assets/releases.png; sourceTree = "<group>"; };
		741C662AFFC7412FA782074B /* logo.png */ = {isa = PBXFileReference; explicitFileType = undefined; fileEncoding = 9; includeInIndex = 0; lastKnownFileType = unknown; name = logo.png; path = ../assets/logo.png; sourceTree = "<group>"; };
		756ADF317BD74E8095564F4D /* Zocial.ttf */ = {isa = PBXFileReference; explicitFileType = undefined; fileEncoding = 9; includeInIndex = 0; lastKnownFileType = unknown; name = Zocial.ttf; path = "../node_modules/react-native-vector-icons/Fonts/Zocial.ttf"; sourceTree = "<group>"; };
		7630ABA46CA24725B5F18294 /* play.png */ = {isa = PBXFileReference; explicitFileType = undefined; fileEncoding = 9; includeInIndex = 0; lastKnownFileType = unknown; name = play.png; path = ../assets/play.png; sourceTree = "<group>"; };
		7A5FC5C5B9E1442FA45C65CD /* MaterialCommunityIcons.ttf */ = {isa = PBXFileReference; explicitFileType = undefined; fileEncoding = 9; includeInIndex = 0; lastKnownFileType = unknown; name = MaterialCommunityIcons.ttf; path = "../node_modules/react-native-vector-icons/Fonts/MaterialCommunityIcons.ttf"; sourceTree = "<group>"; };
		7AD8C65777FB45A7926F283A /* HelveticaNeue-Bold.ttf */ = {isa = PBXFileReference; explicitFileType = undefined; fileEncoding = 9; includeInIndex = 0; lastKnownFileType = unknown; name = "HelveticaNeue-Bold.ttf"; path = "../assets/HelveticaNeue-Bold.ttf"; sourceTree = "<group>"; };
		7FA33BAD6D0F41BCA64D390F /* Octicons.ttf */ = {isa = PBXFileReference; explicitFileType = undefined; fileEncoding = 9; includeInIndex = 0; lastKnownFileType = unknown; name = Octicons.ttf; path = "../node_modules/react-native-vector-icons/Fonts/Octicons.ttf"; sourceTree = "<group>"; };
		81AB9BB72411601600AC10FF /* LaunchScreen.storyboard */ = {isa = PBXFileReference; fileEncoding = 4; lastKnownFileType = file.storyboard; name = LaunchScreen.storyboard; path = radiozero/LaunchScreen.storyboard; sourceTree = "<group>"; };
		81CCCC50AE70448790933B08 /* AntDesign.ttf */ = {isa = PBXFileReference; explicitFileType = undefined; fileEncoding = 9; includeInIndex = 0; lastKnownFileType = unknown; name = AntDesign.ttf; path = "../node_modules/react-native-vector-icons/Fonts/AntDesign.ttf"; sourceTree = "<group>"; };
		85C907C4294E4EDA972095BC /* FontAwesome5_Regular.ttf */ = {isa = PBXFileReference; explicitFileType = undefined; fileEncoding = 9; includeInIndex = 0; lastKnownFileType = unknown; name = FontAwesome5_Regular.ttf; path = "../node_modules/react-native-vector-icons/Fonts/FontAwesome5_Regular.ttf"; sourceTree = "<group>"; };
		9709F88F3A84439BB319BD66 /* Entypo.ttf */ = {isa = PBXFileReference; explicitFileType = undefined; fileEncoding = 9; includeInIndex = 0; lastKnownFileType = unknown; name = Entypo.ttf; path = "../node_modules/react-native-vector-icons/Fonts/Entypo.ttf"; sourceTree = "<group>"; };
		BAFF4A02487247CFAE14859F /* EvilIcons.ttf */ = {isa = PBXFileReference; explicitFileType = undefined; fileEncoding = 9; includeInIndex = 0; lastKnownFileType = unknown; name = EvilIcons.ttf; path = "../node_modules/react-native-vector-icons/Fonts/EvilIcons.ttf"; sourceTree = "<group>"; };
		BC4082328D285C6B33E15475 /* libPods-radiozero-radiozeroTests.a */ = {isa = PBXFileReference; explicitFileType = archive.ar; includeInIndex = 0; path = "libPods-radiozero-radiozeroTests.a"; sourceTree = BUILT_PRODUCTS_DIR; };
		CEB994DDAC4402580875062F /* Pods-radiozero-radiozeroTests.release.xcconfig */ = {isa = PBXFileReference; includeInIndex = 1; lastKnownFileType = text.xcconfig; name = "Pods-radiozero-radiozeroTests.release.xcconfig"; path = "Target Support Files/Pods-radiozero-radiozeroTests/Pods-radiozero-radiozeroTests.release.xcconfig"; sourceTree = "<group>"; };
		CEC298537C2A4E599C545BC4 /* tv.png */ = {isa = PBXFileReference; explicitFileType = undefined; fileEncoding = 9; includeInIndex = 0; lastKnownFileType = unknown; name = tv.png; path = ../assets/tv.png; sourceTree = "<group>"; };
		CF4C310C9868495996BEB6EE /* twitt.png */ = {isa = PBXFileReference; explicitFileType = undefined; fileEncoding = 9; includeInIndex = 0; lastKnownFileType = unknown; name = twitt.png; path = ../assets/twitt.png; sourceTree = "<group>"; };
		D70E111FFAF8479AB41A4F6E /* events.png */ = {isa = PBXFileReference; explicitFileType = undefined; fileEncoding = 9; includeInIndex = 0; lastKnownFileType = unknown; name = events.png; path = ../assets/events.png; sourceTree = "<group>"; };
		DC092BDDB1924F57BD433713 /* face.png */ = {isa = PBXFileReference; explicitFileType = undefined; fileEncoding = 9; includeInIndex = 0; lastKnownFileType = unknown; name = face.png; path = ../assets/face.png; sourceTree = "<group>"; };
		E048A552F2A9494EAF1955EE /* Ionicons.ttf */ = {isa = PBXFileReference; explicitFileType = undefined; fileEncoding = 9; includeInIndex = 0; lastKnownFileType = unknown; name = Ionicons.ttf; path = "../node_modules/react-native-vector-icons/Fonts/Ionicons.ttf"; sourceTree = "<group>"; };
		E3934F9A10F043EF86D56B65 /* iconmenu.png */ = {isa = PBXFileReference; explicitFileType = undefined; fileEncoding = 9; includeInIndex = 0; lastKnownFileType = unknown; name = iconmenu.png; path = ../assets/iconmenu.png; sourceTree = "<group>"; };
		E55B660EC07599DC009F11D7 /* Pods-radiozero-radiozeroTests.debug.xcconfig */ = {isa = PBXFileReference; includeInIndex = 1; lastKnownFileType = text.xcconfig; name = "Pods-radiozero-radiozeroTests.debug.xcconfig"; path = "Target Support Files/Pods-radiozero-radiozeroTests/Pods-radiozero-radiozeroTests.debug.xcconfig"; sourceTree = "<group>"; };
		EB7629DBD4734386A34C4DB8 /* radio2.png */ = {isa = PBXFileReference; explicitFileType = undefined; fileEncoding = 9; includeInIndex = 0; lastKnownFileType = unknown; name = radio2.png; path = ../assets/radio2.png; sourceTree = "<group>"; };
		ED297162215061F000B7C4FE /* JavaScriptCore.framework */ = {isa = PBXFileReference; lastKnownFileType = wrapper.framework; name = JavaScriptCore.framework; path = System/Library/Frameworks/JavaScriptCore.framework; sourceTree = SDKROOT; };
		EE80D7BA00674DD8992B3DEC /* radio.png */ = {isa = PBXFileReference; explicitFileType = undefined; fileEncoding = 9; includeInIndex = 0; lastKnownFileType = unknown; name = radio.png; path = ../assets/radio.png; sourceTree = "<group>"; };
		F538A1B0289243F7B782164C /* insta.png */ = {isa = PBXFileReference; explicitFileType = undefined; fileEncoding = 9; includeInIndex = 0; lastKnownFileType = unknown; name = insta.png; path = ../assets/insta.png; sourceTree = "<group>"; };
		F84123E33AAE466ABF9F9DBD /* podcast.png */ = {isa = PBXFileReference; explicitFileType = undefined; fileEncoding = 9; includeInIndex = 0; lastKnownFileType = unknown; name = podcast.png; path = ../assets/podcast.png; sourceTree = "<group>"; };
		FB30CE63A848422A885EE1DF /* volumen.png */ = {isa = PBXFileReference; explicitFileType = undefined; fileEncoding = 9; includeInIndex = 0; lastKnownFileType = unknown; name = volumen.png; path = ../assets/volumen.png; sourceTree = "<group>"; };
/* End PBXFileReference section */

/* Begin PBXFrameworksBuildPhase section */
		00E356EB1AD99517003FC87E /* Frameworks */ = {
			isa = PBXFrameworksBuildPhase;
			buildActionMask = 2147483647;
			files = (
				15C9EF270277D8AAE23D33EF /* libPods-radiozero-radiozeroTests.a in Frameworks */,
			);
			runOnlyForDeploymentPostprocessing = 0;
		};
		13B07F8C1A680F5B00A75B9A /* Frameworks */ = {
			isa = PBXFrameworksBuildPhase;
			buildActionMask = 2147483647;
			files = (
				3165707BDA72DAB36DA12338 /* libPods-radiozero.a in Frameworks */,
			);
			runOnlyForDeploymentPostprocessing = 0;
		};
/* End PBXFrameworksBuildPhase section */

/* Begin PBXGroup section */
		00E356EF1AD99517003FC87E /* radiozeroTests */ = {
			isa = PBXGroup;
			children = (
				00E356F21AD99517003FC87E /* radiozeroTests.m */,
				00E356F01AD99517003FC87E /* Supporting Files */,
			);
			path = radiozeroTests;
			sourceTree = "<group>";
		};
		00E356F01AD99517003FC87E /* Supporting Files */ = {
			isa = PBXGroup;
			children = (
				00E356F11AD99517003FC87E /* Info.plist */,
			);
			name = "Supporting Files";
			sourceTree = "<group>";
		};
		028B684D8C4144E995C48043 /* Resources */ = {
			isa = PBXGroup;
			children = (
				29075BEF34934DE2930D5FFC /* envelope.png */,
				D70E111FFAF8479AB41A4F6E /* events.png */,
				5BFB17CC19C7411489D70EFE /* pantalla.png */,
				F84123E33AAE466ABF9F9DBD /* podcast.png */,
				6EDD72B18D55407DAB0851B8 /* releases.png */,
				EE80D7BA00674DD8992B3DEC /* radio.png */,
				6B1729CEEA4643DBAB52F682 /* blog.png */,
				E3934F9A10F043EF86D56B65 /* iconmenu.png */,
				4FDB4F19DFC546ACB197309A /* icono_radio.png */,
				741C662AFFC7412FA782074B /* logo.png */,
				7AD8C65777FB45A7926F283A /* HelveticaNeue-Bold.ttf */,
				07D0C50797F34000B8367AD9 /* HelveticaNeue.ttf */,
				02FBCE5D89594884AB179601 /* blog2.png */,
				4125F3582B354E6DBF389EA4 /* caratula.jpeg */,
				648AC7B37A1E4327BB7B9A9B /* contact.png */,
				DC092BDDB1924F57BD433713 /* face.png */,
				F538A1B0289243F7B782164C /* insta.png */,
				210C79707F9E4A788BC24491 /* pause.png */,
				7630ABA46CA24725B5F18294 /* play.png */,
				EB7629DBD4734386A34C4DB8 /* radio2.png */,
				CEC298537C2A4E599C545BC4 /* tv.png */,
				CF4C310C9868495996BEB6EE /* twitt.png */,
				122C37A5DA224B13A5A6AF8B /* volumen-mute.png */,
				FB30CE63A848422A885EE1DF /* volumen.png */,
				81CCCC50AE70448790933B08 /* AntDesign.ttf */,
				9709F88F3A84439BB319BD66 /* Entypo.ttf */,
				BAFF4A02487247CFAE14859F /* EvilIcons.ttf */,
				5A3BDE6E3D934FEE8118BF63 /* Feather.ttf */,
				3D003CACF6704E9DB96976C3 /* FontAwesome.ttf */,
				0B5DD2065F754604938F1B4B /* FontAwesome5_Brands.ttf */,
				85C907C4294E4EDA972095BC /* FontAwesome5_Regular.ttf */,
				6DFAD780F18B474E99DBF63A /* FontAwesome5_Solid.ttf */,
				5DF87941C8AC493DA68D5F03 /* Fontisto.ttf */,
				0FDAA895B63E44F1A0652A48 /* Foundation.ttf */,
				E048A552F2A9494EAF1955EE /* Ionicons.ttf */,
				7A5FC5C5B9E1442FA45C65CD /* MaterialCommunityIcons.ttf */,
				38F15AD8E715480DA4867B9A /* MaterialIcons.ttf */,
				7FA33BAD6D0F41BCA64D390F /* Octicons.ttf */,
				087F89EFC089436E866F7D4E /* SimpleLineIcons.ttf */,
				756ADF317BD74E8095564F4D /* Zocial.ttf */,
			);
			name = Resources;
			sourceTree = "<group>";
		};
		13B07FAE1A68108700A75B9A /* radiozero */ = {
			isa = PBXGroup;
			children = (
				13B07FAF1A68108700A75B9A /* AppDelegate.h */,
				13B07FB01A68108700A75B9A /* AppDelegate.m */,
				13B07FB51A68108700A75B9A /* Images.xcassets */,
				13B07FB61A68108700A75B9A /* Info.plist */,
				81AB9BB72411601600AC10FF /* LaunchScreen.storyboard */,
				13B07FB71A68108700A75B9A /* main.m */,
				5C78D93B2661CE8800C2E0D7 /* File.swift */,
				5C78D93A2661CE8800C2E0D7 /* radiozero-Bridging-Header.h */,
			);
			name = radiozero;
			sourceTree = "<group>";
		};
		23CEF5D88A326BB61C306C10 /* Pods */ = {
			isa = PBXGroup;
			children = (
				60DAA0F51648B58D4952E4F2 /* Pods-radiozero.debug.xcconfig */,
				667485A220F8A25D6966A26E /* Pods-radiozero.release.xcconfig */,
				E55B660EC07599DC009F11D7 /* Pods-radiozero-radiozeroTests.debug.xcconfig */,
				CEB994DDAC4402580875062F /* Pods-radiozero-radiozeroTests.release.xcconfig */,
			);
			path = Pods;
			sourceTree = "<group>";
		};
		2D16E6871FA4F8E400B85C8A /* Frameworks */ = {
			isa = PBXGroup;
			children = (
				ED297162215061F000B7C4FE /* JavaScriptCore.framework */,
				67B748931FDE6A577C908194 /* libPods-radiozero.a */,
				BC4082328D285C6B33E15475 /* libPods-radiozero-radiozeroTests.a */,
			);
			name = Frameworks;
			sourceTree = "<group>";
		};
		832341AE1AAA6A7D00B99B32 /* Libraries */ = {
			isa = PBXGroup;
			children = (
			);
			name = Libraries;
			sourceTree = "<group>";
		};
		83CBB9F61A601CBA00E9B192 = {
			isa = PBXGroup;
			children = (
				5C55E73F26629F23009042F0 /* logo_splash.png */,
				13B07FAE1A68108700A75B9A /* radiozero */,
				832341AE1AAA6A7D00B99B32 /* Libraries */,
				00E356EF1AD99517003FC87E /* radiozeroTests */,
				83CBBA001A601CBA00E9B192 /* Products */,
				2D16E6871FA4F8E400B85C8A /* Frameworks */,
				23CEF5D88A326BB61C306C10 /* Pods */,
				028B684D8C4144E995C48043 /* Resources */,
			);
			indentWidth = 2;
			sourceTree = "<group>";
			tabWidth = 2;
			usesTabs = 0;
		};
		83CBBA001A601CBA00E9B192 /* Products */ = {
			isa = PBXGroup;
			children = (
				13B07F961A680F5B00A75B9A /* radiozero.app */,
				00E356EE1AD99517003FC87E /* radiozeroTests.xctest */,
			);
			name = Products;
			sourceTree = "<group>";
		};
/* End PBXGroup section */

/* Begin PBXNativeTarget section */
		00E356ED1AD99517003FC87E /* radiozeroTests */ = {
			isa = PBXNativeTarget;
			buildConfigurationList = 00E357021AD99517003FC87E /* Build configuration list for PBXNativeTarget "radiozeroTests" */;
			buildPhases = (
				0ADC7B5AB96CD5CAD47544F3 /* [CP] Check Pods Manifest.lock */,
				00E356EA1AD99517003FC87E /* Sources */,
				00E356EB1AD99517003FC87E /* Frameworks */,
				00E356EC1AD99517003FC87E /* Resources */,
				681418C50E3841153C5D6F4C /* [CP] Copy Pods Resources */,
			);
			buildRules = (
			);
			dependencies = (
				00E356F51AD99517003FC87E /* PBXTargetDependency */,
			);
			name = radiozeroTests;
			productName = radiozeroTests;
			productReference = 00E356EE1AD99517003FC87E /* radiozeroTests.xctest */;
			productType = "com.apple.product-type.bundle.unit-test";
		};
		13B07F861A680F5B00A75B9A /* radiozero */ = {
			isa = PBXNativeTarget;
			buildConfigurationList = 13B07F931A680F5B00A75B9A /* Build configuration list for PBXNativeTarget "radiozero" */;
			buildPhases = (
				1E89B6C043F01450C803ECED /* [CP] Check Pods Manifest.lock */,
				FD10A7F022414F080027D42C /* Start Packager */,
				13B07F871A680F5B00A75B9A /* Sources */,
				13B07F8C1A680F5B00A75B9A /* Frameworks */,
				13B07F8E1A680F5B00A75B9A /* Resources */,
				00DD1BFF1BD5951E006B06BC /* Bundle React Native code and images */,
				205E322541956C49A476E6CC /* [CP] Copy Pods Resources */,
			);
			buildRules = (
			);
			dependencies = (
			);
			name = radiozero;
			productName = radiozero;
			productReference = 13B07F961A680F5B00A75B9A /* radiozero.app */;
			productType = "com.apple.product-type.application";
		};
/* End PBXNativeTarget section */

/* Begin PBXProject section */
		83CBB9F71A601CBA00E9B192 /* Project object */ = {
			isa = PBXProject;
			attributes = {
				LastUpgradeCheck = 1210;
				TargetAttributes = {
					00E356ED1AD99517003FC87E = {
						CreatedOnToolsVersion = 6.2;
						TestTargetID = 13B07F861A680F5B00A75B9A;
					};
					13B07F861A680F5B00A75B9A = {
						LastSwiftMigration = 1250;
					};
				};
			};
			buildConfigurationList = 83CBB9FA1A601CBA00E9B192 /* Build configuration list for PBXProject "radiozero" */;
			compatibilityVersion = "Xcode 12.0";
			developmentRegion = en;
			hasScannedForEncodings = 0;
			knownRegions = (
				en,
				Base,
			);
			mainGroup = 83CBB9F61A601CBA00E9B192;
			productRefGroup = 83CBBA001A601CBA00E9B192 /* Products */;
			projectDirPath = "";
			projectRoot = "";
			targets = (
				13B07F861A680F5B00A75B9A /* radiozero */,
				00E356ED1AD99517003FC87E /* radiozeroTests */,
			);
		};
/* End PBXProject section */

/* Begin PBXResourcesBuildPhase section */
		00E356EC1AD99517003FC87E /* Resources */ = {
			isa = PBXResourcesBuildPhase;
			buildActionMask = 2147483647;
			files = (
			);
			runOnlyForDeploymentPostprocessing = 0;
		};
		13B07F8E1A680F5B00A75B9A /* Resources */ = {
			isa = PBXResourcesBuildPhase;
			buildActionMask = 2147483647;
			files = (
				5C55E74026629F23009042F0 /* logo_splash.png in Resources */,
				81AB9BB82411601600AC10FF /* LaunchScreen.storyboard in Resources */,
				13B07FBF1A68108700A75B9A /* Images.xcassets in Resources */,
				8ADD2EC36A724FC1AB6391F0 /* envelope.png in Resources */,
				697FB76648BA44048906A146 /* events.png in Resources */,
				2147C24F4D764B7CA1A1EEA9 /* pantalla.png in Resources */,
				9D9E937EF83B4E1CBE0146B2 /* podcast.png in Resources */,
				292E19094D354114842D2A46 /* releases.png in Resources */,
				52D6C85A3B15477EA46C692C /* radio.png in Resources */,
				367B14845E9C47C1B6256789 /* blog.png in Resources */,
				F2DA6E4F702F4CD18C75D373 /* iconmenu.png in Resources */,
				B2E1170FE286425797742916 /* icono_radio.png in Resources */,
				86ED1A29634E4B43930B6ADB /* logo.png in Resources */,
				9F87A6DB21B14EFDAA5CDC3B /* HelveticaNeue-Bold.ttf in Resources */,
				407136C5C3C94EF6BAC380BB /* HelveticaNeue.ttf in Resources */,
				8BF8CB304FE043419BA48D2E /* blog2.png in Resources */,
				0DB1D9D2D5074D8FBB875F54 /* caratula.jpeg in Resources */,
				359A735783C04527AF011478 /* contact.png in Resources */,
				D6FE9DD6969D47F490BF7593 /* face.png in Resources */,
				83043741693047D39757B4CD /* insta.png in Resources */,
				2340A3B8C7504C38A8202075 /* pause.png in Resources */,
				DBC5FFD8DFDF4906BC81669A /* play.png in Resources */,
				18C5584C5BF249A2A8724E0E /* radio2.png in Resources */,
				EE6ED4DA0ED34B7EAECF0AA0 /* tv.png in Resources */,
				5485F26A3D3A4D1CB21E9E8F /* twitt.png in Resources */,
				D236734D7BDB4F3B8F36BB0B /* volumen-mute.png in Resources */,
				CE2BEB8498754DC1A3A6356D /* volumen.png in Resources */,
			);
			runOnlyForDeploymentPostprocessing = 0;
		};
/* End PBXResourcesBuildPhase section */

/* Begin PBXShellScriptBuildPhase section */
		00DD1BFF1BD5951E006B06BC /* Bundle React Native code and images */ = {
			isa = PBXShellScriptBuildPhase;
			buildActionMask = 2147483647;
			files = (
			);
			inputPaths = (
			);
			name = "Bundle React Native code and images";
			outputPaths = (
			);
			runOnlyForDeploymentPostprocessing = 0;
			shellPath = /bin/sh;
			shellScript = "set -e\n\nexport NODE_BINARY=node\n../node_modules/react-native/scripts/react-native-xcode.sh\n";
		};
		0ADC7B5AB96CD5CAD47544F3 /* [CP] Check Pods Manifest.lock */ = {
			isa = PBXShellScriptBuildPhase;
			buildActionMask = 2147483647;
			files = (
			);
			inputFileListPaths = (
			);
			inputPaths = (
				"${PODS_PODFILE_DIR_PATH}/Podfile.lock",
				"${PODS_ROOT}/Manifest.lock",
			);
			name = "[CP] Check Pods Manifest.lock";
			outputFileListPaths = (
			);
			outputPaths = (
				"$(DERIVED_FILE_DIR)/Pods-radiozero-radiozeroTests-checkManifestLockResult.txt",
			);
			runOnlyForDeploymentPostprocessing = 0;
			shellPath = /bin/sh;
			shellScript = "diff \"${PODS_PODFILE_DIR_PATH}/Podfile.lock\" \"${PODS_ROOT}/Manifest.lock\" > /dev/null\nif [ $? != 0 ] ; then\n    # print error to STDERR\n    echo \"error: The sandbox is not in sync with the Podfile.lock. Run 'pod install' or update your CocoaPods installation.\" >&2\n    exit 1\nfi\n# This output is used by Xcode 'outputs' to avoid re-running this script phase.\necho \"SUCCESS\" > \"${SCRIPT_OUTPUT_FILE_0}\"\n";
			showEnvVarsInLog = 0;
		};
		1E89B6C043F01450C803ECED /* [CP] Check Pods Manifest.lock */ = {
			isa = PBXShellScriptBuildPhase;
			buildActionMask = 2147483647;
			files = (
			);
			inputFileListPaths = (
			);
			inputPaths = (
				"${PODS_PODFILE_DIR_PATH}/Podfile.lock",
				"${PODS_ROOT}/Manifest.lock",
			);
			name = "[CP] Check Pods Manifest.lock";
			outputFileListPaths = (
			);
			outputPaths = (
				"$(DERIVED_FILE_DIR)/Pods-radiozero-checkManifestLockResult.txt",
			);
			runOnlyForDeploymentPostprocessing = 0;
			shellPath = /bin/sh;
			shellScript = "diff \"${PODS_PODFILE_DIR_PATH}/Podfile.lock\" \"${PODS_ROOT}/Manifest.lock\" > /dev/null\nif [ $? != 0 ] ; then\n    # print error to STDERR\n    echo \"error: The sandbox is not in sync with the Podfile.lock. Run 'pod install' or update your CocoaPods installation.\" >&2\n    exit 1\nfi\n# This output is used by Xcode 'outputs' to avoid re-running this script phase.\necho \"SUCCESS\" > \"${SCRIPT_OUTPUT_FILE_0}\"\n";
			showEnvVarsInLog = 0;
		};
		205E322541956C49A476E6CC /* [CP] Copy Pods Resources */ = {
			isa = PBXShellScriptBuildPhase;
			buildActionMask = 2147483647;
			files = (
			);
			inputFileListPaths = (
				"${PODS_ROOT}/Target Support Files/Pods-radiozero/Pods-radiozero-resources-${CONFIGURATION}-input-files.xcfilelist",
			);
			name = "[CP] Copy Pods Resources";
			outputFileListPaths = (
				"${PODS_ROOT}/Target Support Files/Pods-radiozero/Pods-radiozero-resources-${CONFIGURATION}-output-files.xcfilelist",
			);
			runOnlyForDeploymentPostprocessing = 0;
			shellPath = /bin/sh;
			shellScript = "\"${PODS_ROOT}/Target Support Files/Pods-radiozero/Pods-radiozero-resources.sh\"\n";
			showEnvVarsInLog = 0;
		};
		681418C50E3841153C5D6F4C /* [CP] Copy Pods Resources */ = {
			isa = PBXShellScriptBuildPhase;
			buildActionMask = 2147483647;
			files = (
			);
			inputFileListPaths = (
				"${PODS_ROOT}/Target Support Files/Pods-radiozero-radiozeroTests/Pods-radiozero-radiozeroTests-resources-${CONFIGURATION}-input-files.xcfilelist",
			);
			name = "[CP] Copy Pods Resources";
			outputFileListPaths = (
				"${PODS_ROOT}/Target Support Files/Pods-radiozero-radiozeroTests/Pods-radiozero-radiozeroTests-resources-${CONFIGURATION}-output-files.xcfilelist",
			);
			runOnlyForDeploymentPostprocessing = 0;
			shellPath = /bin/sh;
			shellScript = "\"${PODS_ROOT}/Target Support Files/Pods-radiozero-radiozeroTests/Pods-radiozero-radiozeroTests-resources.sh\"\n";
			showEnvVarsInLog = 0;
		};
		FD10A7F022414F080027D42C /* Start Packager */ = {
			isa = PBXShellScriptBuildPhase;
			buildActionMask = 2147483647;
			files = (
			);
			inputFileListPaths = (
			);
			inputPaths = (
			);
			name = "Start Packager";
			outputFileListPaths = (
			);
			outputPaths = (
			);
			runOnlyForDeploymentPostprocessing = 0;
			shellPath = /bin/sh;
			shellScript = "export RCT_METRO_PORT=\"${RCT_METRO_PORT:=8081}\"\necho \"export RCT_METRO_PORT=${RCT_METRO_PORT}\" > \"${SRCROOT}/../node_modules/react-native/scripts/.packager.env\"\nif [ -z \"${RCT_NO_LAUNCH_PACKAGER+xxx}\" ] ; then\n  if nc -w 5 -z localhost ${RCT_METRO_PORT} ; then\n    if ! curl -s \"http://localhost:${RCT_METRO_PORT}/status\" | grep -q \"packager-status:running\" ; then\n      echo \"Port ${RCT_METRO_PORT} already in use, packager is either not running or not running correctly\"\n      exit 2\n    fi\n  else\n    open \"$SRCROOT/../node_modules/react-native/scripts/launchPackager.command\" || echo \"Can't start packager automatically\"\n  fi\nfi\n";
			showEnvVarsInLog = 0;
		};
/* End PBXShellScriptBuildPhase section */

/* Begin PBXSourcesBuildPhase section */
		00E356EA1AD99517003FC87E /* Sources */ = {
			isa = PBXSourcesBuildPhase;
			buildActionMask = 2147483647;
			files = (
				00E356F31AD99517003FC87E /* radiozeroTests.m in Sources */,
			);
			runOnlyForDeploymentPostprocessing = 0;
		};
		13B07F871A680F5B00A75B9A /* Sources */ = {
			isa = PBXSourcesBuildPhase;
			buildActionMask = 2147483647;
			files = (
				13B07FBC1A68108700A75B9A /* AppDelegate.m in Sources */,
				5C78D93C2661CE8800C2E0D7 /* File.swift in Sources */,
				13B07FC11A68108700A75B9A /* main.m in Sources */,
			);
			runOnlyForDeploymentPostprocessing = 0;
		};
/* End PBXSourcesBuildPhase section */

/* Begin PBXTargetDependency section */
		00E356F51AD99517003FC87E /* PBXTargetDependency */ = {
			isa = PBXTargetDependency;
			target = 13B07F861A680F5B00A75B9A /* radiozero */;
			targetProxy = 00E356F41AD99517003FC87E /* PBXContainerItemProxy */;
		};
/* End PBXTargetDependency section */

/* Begin XCBuildConfiguration section */
		00E356F61AD99517003FC87E /* Debug */ = {
			isa = XCBuildConfiguration;
			baseConfigurationReference = E55B660EC07599DC009F11D7 /* Pods-radiozero-radiozeroTests.debug.xcconfig */;
			buildSettings = {
				ALWAYS_EMBED_SWIFT_STANDARD_LIBRARIES = YES;
				BUNDLE_LOADER = "$(TEST_HOST)";
				GCC_PREPROCESSOR_DEFINITIONS = (
					"DEBUG=1",
					"$(inherited)",
				);
				INFOPLIST_FILE = radiozeroTests/Info.plist;
				IPHONEOS_DEPLOYMENT_TARGET = 10.0;
				LD_RUNPATH_SEARCH_PATHS = (
					"$(inherited)",
					"@executable_path/Frameworks",
					"@loader_path/Frameworks",
				);
				OTHER_LDFLAGS = (
					"-ObjC",
					"-lc++",
					"$(inherited)",
				);
				PRODUCT_BUNDLE_IDENTIFIER = "org.reactjs.native.example.$(PRODUCT_NAME:rfc1034identifier)";
				PRODUCT_NAME = "$(TARGET_NAME)";
				TEST_HOST = "$(BUILT_PRODUCTS_DIR)/radiozero.app/radiozero";
			};
			name = Debug;
		};
		00E356F71AD99517003FC87E /* Release */ = {
			isa = XCBuildConfiguration;
			baseConfigurationReference = CEB994DDAC4402580875062F /* Pods-radiozero-radiozeroTests.release.xcconfig */;
			buildSettings = {
				ALWAYS_EMBED_SWIFT_STANDARD_LIBRARIES = YES;
				BUNDLE_LOADER = "$(TEST_HOST)";
				COPY_PHASE_STRIP = NO;
				INFOPLIST_FILE = radiozeroTests/Info.plist;
				IPHONEOS_DEPLOYMENT_TARGET = 10.0;
				LD_RUNPATH_SEARCH_PATHS = (
					"$(inherited)",
					"@executable_path/Frameworks",
					"@loader_path/Frameworks",
				);
				OTHER_LDFLAGS = (
					"-ObjC",
					"-lc++",
					"$(inherited)",
				);
				PRODUCT_BUNDLE_IDENTIFIER = "org.reactjs.native.example.$(PRODUCT_NAME:rfc1034identifier)";
				PRODUCT_NAME = "$(TARGET_NAME)";
				TEST_HOST = "$(BUILT_PRODUCTS_DIR)/radiozero.app/radiozero";
			};
			name = Release;
		};
		13B07F941A680F5B00A75B9A /* Debug */ = {
			isa = XCBuildConfiguration;
			baseConfigurationReference = 60DAA0F51648B58D4952E4F2 /* Pods-radiozero.debug.xcconfig */;
			buildSettings = {
				ASSETCATALOG_COMPILER_APPICON_NAME = AppIcon;
				CLANG_ENABLE_MODULES = YES;
				CODE_SIGN_IDENTITY = "Apple Development";
				CODE_SIGN_STYLE = Automatic;
				CURRENT_PROJECT_VERSION = 2;
				DEVELOPMENT_TEAM = C98DF9DF7L;
				ENABLE_BITCODE = NO;
				INFOPLIST_FILE = radiozero/Info.plist;
				IPHONEOS_DEPLOYMENT_TARGET = 12.1;
				LD_RUNPATH_SEARCH_PATHS = "$(inherited)";
				LIBRARY_SEARCH_PATHS = "";
				"LIBRARY_SEARCH_PATHS[arch=*]" = (
					"$(TOOLCHAIN_DIR)/usr/lib/swift/$(PLATFORM_NAME)",
					"\"${PODS_CONFIGURATION_BUILD_DIR}/react-native-splash-screen\"",
					"\"${PODS_CONFIGURATION_BUILD_DIR}/CocoaAsyncSocket\"",
					"\"${PODS_CONFIGURATION_BUILD_DIR}/DoubleConversion\"",
					"\"${PODS_CONFIGURATION_BUILD_DIR}/FBReactNativeSpec\"",
					"\"${PODS_CONFIGURATION_BUILD_DIR}/FRadioPlayer\"",
					"\"${PODS_CONFIGURATION_BUILD_DIR}/RCT-Folly\"",
					"\"${PODS_CONFIGURATION_BUILD_DIR}/RCTTypeSafety\"",
					"\"${PODS_CONFIGURATION_BUILD_DIR}/RNCMaskedView\"",
					"\"${PODS_CONFIGURATION_BUILD_DIR}/RNDeviceInfo\"",
					"\"${PODS_CONFIGURATION_BUILD_DIR}/RNGestureHandler\"",
					"\"${PODS_CONFIGURATION_BUILD_DIR}/RNReanimated\"",
					"\"${PODS_CONFIGURATION_BUILD_DIR}/RNScreens\"",
					"\"${PODS_CONFIGURATION_BUILD_DIR}/RNVectorIcons\"",
					"\"${PODS_CONFIGURATION_BUILD_DIR}/React-Core\"",
					"\"${PODS_CONFIGURATION_BUILD_DIR}/React-CoreModules\"",
					"\"${PODS_CONFIGURATION_BUILD_DIR}/React-RCTAnimation\"",
					"\"${PODS_CONFIGURATION_BUILD_DIR}/React-RCTVibration\"",
					"\"${PODS_CONFIGURATION_BUILD_DIR}/React-RCTText\"",
					"\"${PODS_CONFIGURATION_BUILD_DIR}/React-RCTSettings\"",
					"\"${PODS_CONFIGURATION_BUILD_DIR}/React-RCTNetwork\"",
					"\"${PODS_CONFIGURATION_BUILD_DIR}/React-RCTLinking\"",
					"\"${PODS_CONFIGURATION_BUILD_DIR}/React-RCTImage\"",
					"\"${PODS_CONFIGURATION_BUILD_DIR}/React-RCTBlob\"",
					"\"${PODS_CONFIGURATION_BUILD_DIR}/ReactCommon\"",
					"\"${PODS_CONFIGURATION_BUILD_DIR}/React-jsinspector\"",
					"\"${PODS_CONFIGURATION_BUILD_DIR}/React-jsiexecutor\"",
					"\"${PODS_CONFIGURATION_BUILD_DIR}/React-jsi\"",
					"\"${PODS_CONFIGURATION_BUILD_DIR}/React-cxxreact\"",
					"\"${PODS_CONFIGURATION_BUILD_DIR}/React-perflogger\"",
					"\"${PODS_CONFIGURATION_BUILD_DIR}/Yoga\"",
					"\"${PODS_CONFIGURATION_BUILD_DIR}/glog\"",
					"\"${PODS_CONFIGURATION_BUILD_DIR}/react-native-radio-player\"",
					"\"${PODS_CONFIGURATION_BUILD_DIR}/react-native-safe-area-context\"",
					"\"${PODS_CONFIGURATION_BUILD_DIR}/react-native-video\"",
					"\"${PODS_CONFIGURATION_BUILD_DIR}/Permission-Notifications\"",
					"\"${PODS_CONFIGURATION_BUILD_DIR}/RNPermissions\"",
				);
				MARKETING_VERSION = 1.1;
				OTHER_LDFLAGS = (
					"$(inherited)",
					"-ObjC",
					"-lc++",
				);
				PRODUCT_BUNDLE_IDENTIFIER = ar.radiozero.native;
				PRODUCT_NAME = radiozero;
				PROVISIONING_PROFILE_SPECIFIER = "";
				SWIFT_OBJC_BRIDGING_HEADER = "radiozero-Bridging-Header.h";
				SWIFT_OPTIMIZATION_LEVEL = "-Onone";
				SWIFT_VERSION = 5.0;
				TARGETED_DEVICE_FAMILY = 1;
				VERSIONING_SYSTEM = "apple-generic";
			};
			name = Debug;
		};
		13B07F951A680F5B00A75B9A /* Release */ = {
			isa = XCBuildConfiguration;
			baseConfigurationReference = 667485A220F8A25D6966A26E /* Pods-radiozero.release.xcconfig */;
			buildSettings = {
				ASSETCATALOG_COMPILER_APPICON_NAME = AppIcon;
				CLANG_ENABLE_MODULES = YES;
				CODE_SIGN_IDENTITY = "Apple Development";
				CODE_SIGN_STYLE = Automatic;
				CURRENT_PROJECT_VERSION = 2;
				DEVELOPMENT_TEAM = C98DF9DF7L;
				INFOPLIST_FILE = radiozero/Info.plist;
				IPHONEOS_DEPLOYMENT_TARGET = 12.1;
				LD_RUNPATH_SEARCH_PATHS = "$(inherited)";
				LIBRARY_SEARCH_PATHS = "";
				"LIBRARY_SEARCH_PATHS[arch=*]" = (
					"$(TOOLCHAIN_DIR)/usr/lib/swift-5.0/$(PLATFORM_NAME)",
					"\"${PODS_CONFIGURATION_BUILD_DIR}/react-native-splash-screen\"",
					"\"${PODS_CONFIGURATION_BUILD_DIR}/CocoaAsyncSocket\"",
					"\"${PODS_CONFIGURATION_BUILD_DIR}/DoubleConversion\"",
					"\"${PODS_CONFIGURATION_BUILD_DIR}/FBReactNativeSpec\"",
					"\"${PODS_CONFIGURATION_BUILD_DIR}/FRadioPlayer\"",
					"\"${PODS_CONFIGURATION_BUILD_DIR}/RCT-Folly\"",
					"\"${PODS_CONFIGURATION_BUILD_DIR}/RCTTypeSafety\"",
					"\"${PODS_CONFIGURATION_BUILD_DIR}/RCTTypeSafety\"",
					"\"${PODS_CONFIGURATION_BUILD_DIR}/RNCMaskedView\"",
					"\"${PODS_CONFIGURATION_BUILD_DIR}/RNDeviceInfo\"",
					"\"${PODS_CONFIGURATION_BUILD_DIR}/RNGestureHandler\"",
					"\"${PODS_CONFIGURATION_BUILD_DIR}/RNReanimated\"",
					"\"${PODS_CONFIGURATION_BUILD_DIR}/RNScreens\"",
					"\"${PODS_CONFIGURATION_BUILD_DIR}/RNVectorIcons\"",
					"\"${PODS_CONFIGURATION_BUILD_DIR}/React-Core\"",
					"\"${PODS_CONFIGURATION_BUILD_DIR}/React-CoreModules\"",
					"\"${PODS_CONFIGURATION_BUILD_DIR}/React-RCTAnimation\"",
					"\"${PODS_CONFIGURATION_BUILD_DIR}/React-RCTVibration\"",
					"\"${PODS_CONFIGURATION_BUILD_DIR}/React-RCTText\"",
					"\"${PODS_CONFIGURATION_BUILD_DIR}/React-RCTSettings\"",
					"\"${PODS_CONFIGURATION_BUILD_DIR}/React-RCTNetwork\"",
					"\"${PODS_CONFIGURATION_BUILD_DIR}/React-RCTLinking\"",
					"\"${PODS_CONFIGURATION_BUILD_DIR}/React-RCTImage\"",
					"\"${PODS_CONFIGURATION_BUILD_DIR}/React-RCTBlob\"",
					"\"${PODS_CONFIGURATION_BUILD_DIR}/ReactCommon\"",
					"\"${PODS_CONFIGURATION_BUILD_DIR}/React-jsinspector\"",
					"\"${PODS_CONFIGURATION_BUILD_DIR}/React-jsiexecutor\"",
					"\"${PODS_CONFIGURATION_BUILD_DIR}/React-jsi\"",
					"\"${PODS_CONFIGURATION_BUILD_DIR}/React-cxxreact\"",
					"\"${PODS_CONFIGURATION_BUILD_DIR}/React-perflogger\"",
					"\"${PODS_CONFIGURATION_BUILD_DIR}/Yoga\"",
					"\"${PODS_CONFIGURATION_BUILD_DIR}/glog\"",
					"\"${PODS_CONFIGURATION_BUILD_DIR}/react-native-radio-player\"",
					"\"${PODS_CONFIGURATION_BUILD_DIR}/react-native-safe-area-context\"",
					"\"${PODS_CONFIGURATION_BUILD_DIR}/react-native-video\"",
					"\"${PODS_CONFIGURATION_BUILD_DIR}/Permission-Notifications\"",
					"\"${PODS_CONFIGURATION_BUILD_DIR}/RNPermissions\"",
				);
				MARKETING_VERSION = 1.1;
				OTHER_LDFLAGS = (
					"$(inherited)",
					"-ObjC",
					"-lc++",
				);
				PRODUCT_BUNDLE_IDENTIFIER = ar.radiozero.native;
				PRODUCT_NAME = radiozero;
				PROVISIONING_PROFILE_SPECIFIER = "";
				SWIFT_OBJC_BRIDGING_HEADER = "radiozero-Bridging-Header.h";
				SWIFT_VERSION = 5.0;
				TARGETED_DEVICE_FAMILY = 1;
				VERSIONING_SYSTEM = "apple-generic";
			};
			name = Release;
		};
		83CBBA201A601CBA00E9B192 /* Debug */ = {
			isa = XCBuildConfiguration;
			buildSettings = {
				ALWAYS_SEARCH_USER_PATHS = NO;
				CLANG_ANALYZER_LOCALIZABILITY_NONLOCALIZED = YES;
				CLANG_CXX_LANGUAGE_STANDARD = "gnu++0x";
				CLANG_CXX_LIBRARY = "libc++";
				CLANG_ENABLE_MODULES = YES;
				CLANG_ENABLE_OBJC_ARC = YES;
				CLANG_WARN_BLOCK_CAPTURE_AUTORELEASING = YES;
				CLANG_WARN_BOOL_CONVERSION = YES;
				CLANG_WARN_COMMA = YES;
				CLANG_WARN_CONSTANT_CONVERSION = YES;
				CLANG_WARN_DEPRECATED_OBJC_IMPLEMENTATIONS = YES;
				CLANG_WARN_DIRECT_OBJC_ISA_USAGE = YES_ERROR;
				CLANG_WARN_EMPTY_BODY = YES;
				CLANG_WARN_ENUM_CONVERSION = YES;
				CLANG_WARN_INFINITE_RECURSION = YES;
				CLANG_WARN_INT_CONVERSION = YES;
				CLANG_WARN_NON_LITERAL_NULL_CONVERSION = YES;
				CLANG_WARN_OBJC_IMPLICIT_RETAIN_SELF = YES;
				CLANG_WARN_OBJC_LITERAL_CONVERSION = YES;
				CLANG_WARN_OBJC_ROOT_CLASS = YES_ERROR;
				CLANG_WARN_QUOTED_INCLUDE_IN_FRAMEWORK_HEADER = YES;
				CLANG_WARN_RANGE_LOOP_ANALYSIS = YES;
				CLANG_WARN_STRICT_PROTOTYPES = YES;
				CLANG_WARN_SUSPICIOUS_MOVE = YES;
				CLANG_WARN_UNREACHABLE_CODE = YES;
				CLANG_WARN__DUPLICATE_METHOD_MATCH = YES;
				"CODE_SIGN_IDENTITY[sdk=iphoneos*]" = "iPhone Developer";
				COPY_PHASE_STRIP = NO;
				ENABLE_STRICT_OBJC_MSGSEND = YES;
				ENABLE_TESTABILITY = YES;
				"EXCLUDED_ARCHS[sdk=iphonesimulator*]" = "arm64 ";
				GCC_C_LANGUAGE_STANDARD = gnu99;
				GCC_DYNAMIC_NO_PIC = NO;
				GCC_NO_COMMON_BLOCKS = YES;
				GCC_OPTIMIZATION_LEVEL = 0;
				GCC_PREPROCESSOR_DEFINITIONS = (
					"DEBUG=1",
					"$(inherited)",
				);
				GCC_SYMBOLS_PRIVATE_EXTERN = NO;
				GCC_WARN_64_TO_32_BIT_CONVERSION = YES;
				GCC_WARN_ABOUT_RETURN_TYPE = YES_ERROR;
				GCC_WARN_UNDECLARED_SELECTOR = YES;
				GCC_WARN_UNINITIALIZED_AUTOS = YES_AGGRESSIVE;
				GCC_WARN_UNUSED_FUNCTION = YES;
				GCC_WARN_UNUSED_VARIABLE = YES;
				IPHONEOS_DEPLOYMENT_TARGET = 10.0;
				LD_RUNPATH_SEARCH_PATHS = (
					/usr/lib/swift,
					"$(inherited)",
				);
				LIBRARY_SEARCH_PATHS = (
					"\"$(TOOLCHAIN_DIR)/usr/lib/swift/$(PLATFORM_NAME)\"",
					"\"$(TOOLCHAIN_DIR)/usr/lib/swift-5.0/$(PLATFORM_NAME)\"",
					"\"$(inherited)\"",
				);
				MTL_ENABLE_DEBUG_INFO = YES;
				ONLY_ACTIVE_ARCH = YES;
				SDKROOT = iphoneos;
			};
			name = Debug;
		};
		83CBBA211A601CBA00E9B192 /* Release */ = {
			isa = XCBuildConfiguration;
			buildSettings = {
				ALWAYS_SEARCH_USER_PATHS = NO;
				CLANG_ANALYZER_LOCALIZABILITY_NONLOCALIZED = YES;
				CLANG_CXX_LANGUAGE_STANDARD = "gnu++0x";
				CLANG_CXX_LIBRARY = "libc++";
				CLANG_ENABLE_MODULES = YES;
				CLANG_ENABLE_OBJC_ARC = YES;
				CLANG_WARN_BLOCK_CAPTURE_AUTORELEASING = YES;
				CLANG_WARN_BOOL_CONVERSION = YES;
				CLANG_WARN_COMMA = YES;
				CLANG_WARN_CONSTANT_CONVERSION = YES;
				CLANG_WARN_DEPRECATED_OBJC_IMPLEMENTATIONS = YES;
				CLANG_WARN_DIRECT_OBJC_ISA_USAGE = YES_ERROR;
				CLANG_WARN_EMPTY_BODY = YES;
				CLANG_WARN_ENUM_CONVERSION = YES;
				CLANG_WARN_INFINITE_RECURSION = YES;
				CLANG_WARN_INT_CONVERSION = YES;
				CLANG_WARN_NON_LITERAL_NULL_CONVERSION = YES;
				CLANG_WARN_OBJC_IMPLICIT_RETAIN_SELF = YES;
				CLANG_WARN_OBJC_LITERAL_CONVERSION = YES;
				CLANG_WARN_OBJC_ROOT_CLASS = YES_ERROR;
				CLANG_WARN_QUOTED_INCLUDE_IN_FRAMEWORK_HEADER = YES;
				CLANG_WARN_RANGE_LOOP_ANALYSIS = YES;
				CLANG_WARN_STRICT_PROTOTYPES = YES;
				CLANG_WARN_SUSPICIOUS_MOVE = YES;
				CLANG_WARN_UNREACHABLE_CODE = YES;
				CLANG_WARN__DUPLICATE_METHOD_MATCH = YES;
				"CODE_SIGN_IDENTITY[sdk=iphoneos*]" = "iPhone Developer";
				COPY_PHASE_STRIP = YES;
				ENABLE_NS_ASSERTIONS = NO;
				ENABLE_STRICT_OBJC_MSGSEND = YES;
				"EXCLUDED_ARCHS[sdk=iphonesimulator*]" = "arm64 ";
				GCC_C_LANGUAGE_STANDARD = gnu99;
				GCC_NO_COMMON_BLOCKS = YES;
				GCC_WARN_64_TO_32_BIT_CONVERSION = YES;
				GCC_WARN_ABOUT_RETURN_TYPE = YES_ERROR;
				GCC_WARN_UNDECLARED_SELECTOR = YES;
				GCC_WARN_UNINITIALIZED_AUTOS = YES_AGGRESSIVE;
				GCC_WARN_UNUSED_FUNCTION = YES;
				GCC_WARN_UNUSED_VARIABLE = YES;
				IPHONEOS_DEPLOYMENT_TARGET = 10.0;
				LD_RUNPATH_SEARCH_PATHS = (
					/usr/lib/swift,
					"$(inherited)",
				);
				LIBRARY_SEARCH_PATHS = (
					"\"$(TOOLCHAIN_DIR)/usr/lib/swift/$(PLATFORM_NAME)\"",
					"\"$(TOOLCHAIN_DIR)/usr/lib/swift-5.0/$(PLATFORM_NAME)\"",
					"\"$(inherited)\"",
				);
				MTL_ENABLE_DEBUG_INFO = NO;
				SDKROOT = iphoneos;
				VALIDATE_PRODUCT = YES;
			};
			name = Release;
		};
/* End XCBuildConfiguration section */

/* Begin XCConfigurationList section */
		00E357021AD99517003FC87E /* Build configuration list for PBXNativeTarget "radiozeroTests" */ = {
			isa = XCConfigurationList;
			buildConfigurations = (
				00E356F61AD99517003FC87E /* Debug */,
				00E356F71AD99517003FC87E /* Release */,
			);
			defaultConfigurationIsVisible = 0;
			defaultConfigurationName = Release;
		};
		13B07F931A680F5B00A75B9A /* Build configuration list for PBXNativeTarget "radiozero" */ = {
			isa = XCConfigurationList;
			buildConfigurations = (
				13B07F941A680F5B00A75B9A /* Debug */,
				13B07F951A680F5B00A75B9A /* Release */,
			);
			defaultConfigurationIsVisible = 0;
			defaultConfigurationName = Release;
		};
		83CBB9FA1A601CBA00E9B192 /* Build configuration list for PBXProject "radiozero" */ = {
			isa = XCConfigurationList;
			buildConfigurations = (
				83CBBA201A601CBA00E9B192 /* Debug */,
				83CBBA211A601CBA00E9B192 /* Release */,
			);
			defaultConfigurationIsVisible = 0;
			defaultConfigurationName = Release;
		};
/* End XCConfigurationList section */
	};
	rootObject = 83CBB9F71A601CBA00E9B192 /* Project object */;
}
